
Microsoft Visual Studio Solution File, Format Version 11.00
# Visual Studio 2010
Project("{FAE04EC0-301F-11D3-BF4B-00C04F79EFBC}") = "ctlClockLib", "ctlClockLib\ctlClockLib.csproj", "{6930D1D5-2EB6-4ACD-9AB6-3206FFD9A1F5}"
EndProject
Project("{FAE04EC0-301F-11D3-BF4B-00C04F79EFBC}") = "Test", "Test\Test.csproj", "{1DD48B7A-2B9C-47D7-B972-A00A73B6914D}"
EndProject
Project("{FAE04EC0-301F-11D3-BF4B-00C04F79EFBC}") = "BottonLib", "BottonLib\BottonLib.csproj", "{456FA1BD-3C92-4C5A-93A1-9F8674E84F5C}"
EndProject
Global
	GlobalSection(SolutionConfigurationPlatforms) = preSolution
		Debug|Any CPU = Debug|Any CPU
		Debug|Mixed Platforms = Debug|Mixed Platforms
		Debug|x86 = Debug|x86
		Release|Any CPU = Release|Any CPU
		Release|Mixed Platforms = Release|Mixed Platforms
		Release|x86 = Release|x86
	EndGlobalSection
	GlobalSection(ProjectConfigurationPlatforms) = postSolution
		{6930D1D5-2EB6-4ACD-9AB6-3206FFD9A1F5}.Debug|Any CPU.ActiveCfg = Debug|Any CPU
		{6930D1D5-2EB6-4ACD-9AB6-3206FFD9A1F5}.Debug|Any CPU.Build.0 = Debug|Any CPU
		{6930D1D5-2EB6-4ACD-9AB6-3206FFD9A1F5}.Debug|Mixed Platforms.ActiveCfg = Debug|Any CPU
		{6930D1D5-2EB6-4ACD-9AB6-3206FFD9A1F5}.Debug|Mixed Platforms.Build.0 = Debug|Any CPU
		{6930D1D5-2EB6-4ACD-9AB6-3206FFD9A1F5}.Debug|x86.ActiveCfg = Debug|Any CPU
		{6930D1D5-2EB6-4ACD-9AB6-3206FFD9A1F5}.Release|Any CPU.ActiveCfg = Release|Any CPU
		{6930D1D5-2EB6-4ACD-9AB6-3206FFD9A1F5}.Release|Any CPU.Build.0 = Release|Any CPU
		{6930D1D5-2EB6-4ACD-9AB6-3206FFD9A1F5}.Release|Mixed Platforms.ActiveCfg = Release|Any CPU
		{6930D1D5-2EB6-4ACD-9AB6-3206FFD9A1F5}.Release|Mixed Platforms.Build.0 = Release|Any CPU
		{6930D1D5-2EB6-4ACD-9AB6-3206FFD9A1F5}.Release|x86.ActiveCfg = Release|Any CPU
		{1DD48B7A-2B9C-47D7-B972-A00A73B6914D}.Debug|Any CPU.ActiveCfg = Debug|x86
		{1DD48B7A-2B9C-47D7-B972-A00A73B6914D}.Debug|Mixed Platforms.ActiveCfg = Debug|x86
		{1DD48B7A-2B9C-47D7-B972-A00A73B6914D}.Debug|Mixed Platforms.Build.0 = Debug|x86
		{1DD48B7A-2B9C-47D7-B972-A00A73B6914D}.Debug|x86.ActiveCfg = Debug|x86
		{1DD48B7A-2B9C-47D7-B972-A00A73B6914D}.Debug|x86.Build.0 = Debug|x86
		{1DD48B7A-2B9C-47D7-B972-A00A73B6914D}.Release|Any CPU.ActiveCfg = Release|x86
		{1DD48B7A-2B9C-47D7-B972-A00A73B6914D}.Release|Mixed Platforms.ActiveCfg = Release|x86
		{1DD48B7A-2B9C-47D7-B972-A00A73B6914D}.Release|Mixed Platforms.Build.0 = Release|x86
		{1DD48B7A-2B9C-47D7-B972-A00A73B6914D}.Release|x86.ActiveCfg = Release|x86
		{1DD48B7A-2B9C-47D7-B972-A00A73B6914D}.Release|x86.Build.0 = Release|x86
		{456FA1BD-3C92-4C5A-93A1-9F8674E84F5C}.Debug|Any CPU.ActiveCfg = Debug|Any CPU
		{456FA1BD-3C92-4C5A-93A1-9F8674E84F5C}.Debug|Any CPU.Build.0 = Debug|Any CPU
		{456FA1BD-3C92-4C5A-93A1-9F8674E84F5C}.Debug|Mixed Platforms.ActiveCfg = Debug|Any CPU
		{456FA1BD-3C92-4C5A-93A1-9F8674E84F5C}.Debug|Mixed Platforms.Build.0 = Debug|Any CPU
		{456FA1BD-3C92-4C5A-93A1-9F8674E84F5C}.Debug|x86.ActiveCfg = Debug|Any CPU
		{456FA1BD-3C92-4C5A-93A1-9F8674E84F5C}.Release|Any CPU.ActiveCfg = Release|Any CPU
		{456FA1BD-3C92-4C5A-93A1-9F8674E84F5C}.Release|Any CPU.Build.0 = Release|Any CPU
		{456FA1BD-3C92-4C5A-93A1-9F8674E84F5C}.Release|Mixed Platforms.ActiveCfg = Release|Any CPU
		{456FA1BD-3C92-4C5A-93A1-9F8674E84F5C}.Release|Mixed Platforms.Build.0 = Release|Any CPU
		{456FA1BD-3C92-4C5A-93A1-9F8674E84F5C}.Release|x86.ActiveCfg = Release|Any CPU
	EndGlobalSection
	GlobalSection(SolutionProperties) = preSolution
		HideSolutionNode = FALSE
	EndGlobalSection
EndGlobal
